// !$*UTF8*$!
{
	archiveVersion = 1;
	classes = {
	};
	objectVersion = 46;
	objects = {

/* Begin PBXBuildFile section */
		A834723F1D54498B00C2A01A /* AppDelegate.swift in Sources */ = {isa = PBXBuildFile; fileRef = A834723E1D54498B00C2A01A /* AppDelegate.swift */; };
		A83472411D54498B00C2A01A /* ViewController.swift in Sources */ = {isa = PBXBuildFile; fileRef = A83472401D54498B00C2A01A /* ViewController.swift */; };
		A83472441D54498B00C2A01A /* Main.storyboard in Resources */ = {isa = PBXBuildFile; fileRef = A83472421D54498B00C2A01A /* Main.storyboard */; };
		A83472461D54498B00C2A01A /* Assets.xcassets in Resources */ = {isa = PBXBuildFile; fileRef = A83472451D54498B00C2A01A /* Assets.xcassets */; };
		A83472491D54498B00C2A01A /* LaunchScreen.storyboard in Resources */ = {isa = PBXBuildFile; fileRef = A83472471D54498B00C2A01A /* LaunchScreen.storyboard */; };
		A83472511D544DD300C2A01A /* ListTableViewController.swift in Sources */ = {isa = PBXBuildFile; fileRef = A83472501D544DD300C2A01A /* ListTableViewController.swift */; };
		A83472531D544EA700C2A01A /* Data.swift in Sources */ = {isa = PBXBuildFile; fileRef = A83472521D544EA700C2A01A /* Data.swift */; };
		A83472551D5450B200C2A01A /* DataTableViewCell.swift in Sources */ = {isa = PBXBuildFile; fileRef = A83472541D5450B200C2A01A /* DataTableViewCell.swift */; };
/* End PBXBuildFile section */

/* Begin PBXFileReference section */
		A834723B1D54498B00C2A01A /* BasicTableView.app */ = {isa = PBXFileReference; explicitFileType = wrapper.application; includeInIndex = 0; path = BasicTableView.app; sourceTree = BUILT_PRODUCTS_DIR; };
		A834723E1D54498B00C2A01A /* AppDelegate.swift */ = {isa = PBXFileReference; lastKnownFileType = sourcecode.swift; path = AppDelegate.swift; sourceTree = "<group>"; };
		A83472401D54498B00C2A01A /* ViewController.swift */ = {isa = PBXFileReference; lastKnownFileType = sourcecode.swift; path = ViewController.swift; sourceTree = "<group>"; };
		A83472431D54498B00C2A01A /* Base */ = {isa = PBXFileReference; lastKnownFileType = file.storyboard; name = Base; path = Base.lproj/Main.storyboard; sourceTree = "<group>"; };
		A83472451D54498B00C2A01A /* Assets.xcassets */ = {isa = PBXFileReference; lastKnownFileType = folder.assetcatalog; path = Assets.xcassets; sourceTree = "<group>"; };
		A83472481D54498B00C2A01A /* Base */ = {isa = PBXFileReference; lastKnownFileType = file.storyboard; name = Base; path = Base.lproj/LaunchScreen.storyboard; sourceTree = "<group>"; };
		A834724A1D54498B00C2A01A /* Info.plist */ = {isa = PBXFileReference; lastKnownFileType = text.plist.xml; path = Info.plist; sourceTree = "<group>"; };
		A83472501D544DD300C2A01A /* ListTableViewController.swift */ = {isa = PBXFileReference; fileEncoding = 4; lastKnownFileType = sourcecode.swift; path = ListTableViewController.swift; sourceTree = "<group>"; };
		A83472521D544EA700C2A01A /* Data.swift */ = {isa = PBXFileReference; fileEncoding = 4; lastKnownFileType = sourcecode.swift; path = Data.swift; sourceTree = "<group>"; };
		A83472541D5450B200C2A01A /* DataTableViewCell.swift */ = {isa = PBXFileReference; fileEncoding = 4; lastKnownFileType = sourcecode.swift; path = DataTableViewCell.swift; sourceTree = "<group>"; };
/* End PBXFileReference section */

/* Begin PBXFrameworksBuildPhase section */
		A83472381D54498B00C2A01A /* Frameworks */ = {
			isa = PBXFrameworksBuildPhase;
			buildActionMask = 2147483647;
			files = (
			);
			runOnlyForDeploymentPostprocessing = 0;
		};
/* End PBXFrameworksBuildPhase section */

/* Begin PBXGroup section */
		A83472321D54498B00C2A01A = {
			isa = PBXGroup;
			children = (
				A834723D1D54498B00C2A01A /* BasicTableView */,
				A834723C1D54498B00C2A01A /* Products */,
			);
			sourceTree = "<group>";
		};
		A834723C1D54498B00C2A01A /* Products */ = {
			isa = PBXGroup;
			children = (
				A834723B1D54498B00C2A01A /* BasicTableView.app */,
			);
			name = Products;
			sourceTree = "<group>";
		};
		A834723D1D54498B00C2A01A /* BasicTableView */ = {
			isa = PBXGroup;
			children = (
				A834723E1D54498B00C2A01A /* AppDelegate.swift */,
				A83472401D54498B00C2A01A /* ViewController.swift */,
				A83472421D54498B00C2A01A /* Main.storyboard */,
				A83472541D5450B200C2A01A /* DataTableViewCell.swift */,
				A83472501D544DD300C2A01A /* ListTableViewController.swift */,
				A83472521D544EA700C2A01A /* Data.swift */,
				A83472451D54498B00C2A01A /* Assets.xcassets */,
				A83472471D54498B00C2A01A /* LaunchScreen.storyboard */,
				A834724A1D54498B00C2A01A /* Info.plist */,
			);
			path = BasicTableView;
			sourceTree = "<group>";
		};
/* End PBXGroup section */

/* Begin PBXNativeTarget section */
		A834723A1D54498B00C2A01A /* BasicTableView */ = {
			isa = PBXNativeTarget;
			buildConfigurationList = A834724D1D54498B00C2A01A /* Build configuration list for PBXNativeTarget "BasicTableView" */;
			buildPhases = (
				A83472371D54498B00C2A01A /* Sources */,
				A83472381D54498B00C2A01A /* Frameworks */,
				A83472391D54498B00C2A01A /* Resources */,
			);
			buildRules = (
			);
			dependencies = (
			);
			name = BasicTableView;
			productName = BasicTableView;
			productReference = A834723B1D54498B00C2A01A /* BasicTableView.app */;
			productType = "com.apple.product-type.application";
		};
/* End PBXNativeTarget section */

/* Begin PBXProject section */
		A83472331D54498B00C2A01A /* Project object */ = {
			isa = PBXProject;
			attributes = {
				LastSwiftUpdateCheck = 0730;
				LastUpgradeCheck = 0730;
				ORGANIZATIONNAME = ryomakabe;
				TargetAttributes = {
					A834723A1D54498B00C2A01A = {
						CreatedOnToolsVersion = 7.3.1;
					};
				};
			};
			buildConfigurationList = A83472361D54498B00C2A01A /* Build configuration list for PBXProject "BasicTableView" */;
			compatibilityVersion = "Xcode 3.2";
			developmentRegion = English;
			hasScannedForEncodings = 0;
			knownRegions = (
				en,
				Base,
			);
			mainGroup = A83472321D54498B00C2A01A;
			productRefGroup = A834723C1D54498B00C2A01A /* Products */;
			projectDirPath = "";
			projectRoot = "";
			targets = (
				A834723A1D54498B00C2A01A /* BasicTableView */,
			);
		};
/* End PBXProject section */

/* Begin PBXResourcesBuildPhase section */
		A83472391D54498B00C2A01A /* Resources */ = {
			isa = PBXResourcesBuildPhase;
			buildActionMask = 2147483647;
			files = (
				A83472491D54498B00C2A01A /* LaunchScreen.storyboard in Resources */,
				A83472461D54498B00C2A01A /* Assets.xcassets in Resources */,
				A83472441D54498B00C2A01A /* Main.storyboard in Resources */,
			);
			runOnlyForDeploymentPostprocessing = 0;
		};
/* End PBXResourcesBuildPhase section */

/* Begin PBXSourcesBuildPhase section */
		A83472371D54498B00C2A01A /* Sources */ = {
			isa = PBXSourcesBuildPhase;
			buildActionMask = 2147483647;
			files = (
				A83472511D544DD300C2A01A /* ListTableViewController.swift in Sources */,
				A83472411D54498B00C2A01A /* ViewController.swift in Sources */,
				A83472551D5450B200C2A01A /* DataTableViewCell.swift in Sources */,
				A834723F1D54498B00C2A01A /* AppDelegate.swift in Sources */,
				A83472531D544EA700C2A01A /* Data.swift in Sources */,
			);
			runOnlyForDeploymentPostprocessing = 0;
		};
/* End PBXSourcesBuildPhase section */

/* Begin PBXVariantGroup section */
		A83472421D54498B00C2A01A /* Main.storyboard */ = {
			isa = PBXVariantGroup;
			children = (
				A83472431D54498B00C2A01A /* Base */,
			);
			name = Main.storyboard;
			sourceTree = "<group>";
		};
		A83472471D54498B00C2A01A /* LaunchScreen.storyboard */ = {
			isa = PBXVariantGroup;
			children = (
				A83472481D54498B00C2A01A /* Base */,
			);
			name = LaunchScreen.storyboard;
			sourceTree = "<group>";
		};
/* End PBXVariantGroup section */

/* Begin XCBuildConfiguration section */
		A834724B1D54498B00C2A01A /* Debug */ = {
			isa = XCBuildConfiguration;
			buildSettings = {
				ALWAYS_SEARCH_USER_PATHS = NO;
				CLANG_ANALYZER_NONNULL = YES;
				CLANG_CXX_LANGUAGE_STANDARD = "gnu++0x";
				CLANG_CXX_LIBRARY = "libc++";
				CLANG_ENABLE_MODULES = YES;
				CLANG_ENABLE_OBJC_ARC = YES;
				CLANG_WARN_BOOL_CONVERSION = YES;
				CLANG_WARN_CONSTANT_CONVERSION = YES;
				CLANG_WARN_DIRECT_OBJC_ISA_USAGE = YES_ERROR;
				CLANG_WARN_EMPTY_BODY = YES;
				CLANG_WARN_ENUM_CONVERSION = YES;
				CLANG_WARN_INT_CONVERSION = YES;
				CLANG_WARN_OBJC_ROOT_CLASS = YES_ERROR;
				CLANG_WARN_UNREACHABLE_CODE = YES;
				CLANG_WARN__DUPLICATE_METHOD_MATCH = YES;
				"CODE_SIGN_IDENTITY[sdk=iphoneos*]" = "iPhone Developer";
				COPY_PHASE_STRIP = NO;
				DEBUG_INFORMATION_FORMAT = dwarf;
				ENABLE_STRICT_OBJC_MSGSEND = YES;
				ENABLE_TESTABILITY = YES;
				GCC_C_LANGUAGE_STANDARD = gnu99;
				GCC_DYNAMIC_NO_PIC = NO;
				GCC_NO_COMMON_BLOCKS = YES;
				GCC_OPTIMIZATION_LEVEL = 0;
				GCC_PREPROCESSOR_DEFINITIONS = (
					"DEBUG=1",
					"$(inherited)",
				);
				GCC_WARN_64_TO_32_BIT_CONVERSION = YES;
				GCC_WARN_ABOUT_RETURN_TYPE = YES_ERROR;
				GCC_WARN_UNDECLARED_SELECTOR = YES;
				GCC_WARN_UNINITIALIZED_AUTOS = YES_AGGRESSIVE;
				GCC_WARN_UNUSED_FUNCTION = YES;
				GCC_WARN_UNUSED_VARIABLE = YES;
				IPHONEOS_DEPLOYMENT_TARGET = 9.3;
				MTL_ENABLE_DEBUG_INFO = YES;
				ONLY_ACTIVE_ARCH = YES;
				SDKROOT = iphoneos;
				SWIFT_OPTIMIZATION_LEVEL = "-Onone";
			};
			name = Debug;
		};
		A834724C1D54498B00C2A01A /* Release */ = {
			isa = XCBuildConfiguration;
			buildSettings = {
				ALWAYS_SEARCH_USER_PATHS = NO;
				CLANG_ANALYZER_NONNULL = YES;
				CLANG_CXX_LANGUAGE_STANDARD = "gnu++0x";
				CLANG_CXX_LIBRARY = "libc++";
				CLANG_ENABLE_MODULES = YES;
				CLANG_ENABLE_OBJC_ARC = YES;
				CLANG_WARN_BOOL_CONVERSION = YES;
				CLANG_WARN_CONSTANT_CONVERSION = YES;
				CLANG_WARN_DIRECT_OBJC_ISA_USAGE = YES_ERROR;
				CLANG_WARN_EMPTY_BODY = YES;
				CLANG_WARN_ENUM_CONVERSION = YES;
				CLANG_WARN_INT_CONVERSION = YES;
				CLANG_WARN_OBJC_ROOT_CLASS = YES_ERROR;
				CLANG_WARN_UNREACHABLE_CODE = YES;
				CLANG_WARN__DUPLICATE_METHOD_MATCH = YES;
				"CODE_SIGN_IDENTITY[sdk=iphoneos*]" = "iPhone Developer";
				COPY_PHASE_STRIP = NO;
				DEBUG_INFORMATION_FORMAT = "dwarf-with-dsym";
				ENABLE_NS_ASSERTIONS = NO;
				ENABLE_STRICT_OBJC_MSGSEND = YES;
				GCC_C_LANGUAGE_STANDARD = gnu99;
				GCC_NO_COMMON_BLOCKS = YES;
				GCC_WARN_64_TO_32_BIT_CONVERSION = YES;
				GCC_WARN_ABOUT_RETURN_TYPE = YES_ERROR;
				GCC_WARN_UNDECLARED_SELECTOR = YES;
				GCC_WARN_UNINITIALIZED_AUTOS = YES_AGGRESSIVE;
				GCC_WARN_UNUSED_FUNCTION = YES;
				GCC_WARN_UNUSED_VARIABLE = YES;
				IPHONEOS_DEPLOYMENT_TARGET = 9.3;
				MTL_ENABLE_DEBUG_INFO = NO;
				SDKROOT = iphoneos;
				VALIDATE_PRODUCT = YES;
			};
			name = Release;
		};
		A834724E1D54498B00C2A01A /* Debug */ = {
			isa = XCBuildConfiguration;
			buildSettings = {
				ASSETCATALOG_COMPILER_APPICON_NAME = AppIcon;
				INFOPLIST_FILE = BasicTableView/Info.plist;
				LD_RUNPATH_SEARCH_PATHS = "$(inherited) @executable_path/Frameworks";
				PRODUCT_BUNDLE_IDENTIFIER = com.ryomakabe.BasicTableView;
				PRODUCT_NAME = "$(TARGET_NAME)";
			};
			name = Debug;
		};
		A834724F1D54498B00C2A01A /* Release */ = {
			isa = XCBuildConfiguration;
			buildSettings = {
				ASSETCATALOG_COMPILER_APPICON_NAME = AppIcon;
				INFOPLIST_FILE = BasicTableView/Info.plist;
				LD_RUNPATH_SEARCH_PATHS = "$(inherited) @executable_path/Frameworks";
				PRODUCT_BUNDLE_IDENTIFIER = com.ryomakabe.BasicTableView;
				PRODUCT_NAME = "$(TARGET_NAME)";
			};
			name = Release;
		};
/* End XCBuildConfiguration section */

/* Begin XCConfigurationList section */
		A83472361D54498B00C2A01A /* Build configuration list for PBXProject "BasicTableView" */ = {
			isa = XCConfigurationList;
			buildConfigurations = (
				A834724B1D54498B00C2A01A /* Debug */,
				A834724C1D54498B00C2A01A /* Release */,
			);
			defaultConfigurationIsVisible = 0;
			defaultConfigurationName = Release;
		};
		A834724D1D54498B00C2A01A /* Build configuration list for PBXNativeTarget "BasicTableView" */ = {
			isa = XCConfigurationList;
			buildConfigurations = (
				A834724E1D54498B00C2A01A /* Debug */,
				A834724F1D54498B00C2A01A /* Release */,
			);
			defaultConfigurationIsVisible = 0;
		};
/* End XCConfigurationList section */
	};
	rootObject = A83472331D54498B00C2A01A /* Project object */;
}
